
Microsoft Visual Studio Solution File, Format Version 12.00
# Visual Studio 15
VisualStudioVersion = 15.0.28307.329
MinimumVisualStudioVersion = 10.0.40219.1
Project("{9A19103F-16F7-4668-BE54-9A1E7A4F7556}") = "OnlineStore", "OnlineStore\OnlineStore.csproj", "{22BFBEB7-4629-4758-81D8-4B197331F1A7}"
EndProject
Global
	GlobalSection(SolutionConfigurationPlatforms) = preSolution
		Debug|Any CPU = Debug|Any CPU
		Release|Any CPU = Release|Any CPU
	EndGlobalSection
	GlobalSection(ProjectConfigurationPlatforms) = postSolution
		{22BFBEB7-4629-4758-81D8-4B197331F1A7}.Debug|Any CPU.ActiveCfg = Debug|Any CPU
		{22BFBEB7-4629-4758-81D8-4B197331F1A7}.Debug|Any CPU.Build.0 = Debug|Any CPU
		{22BFBEB7-4629-4758-81D8-4B197331F1A7}.Release|Any CPU.ActiveCfg = Release|Any CPU
		{22BFBEB7-4629-4758-81D8-4B197331F1A7}.Release|Any CPU.Build.0 = Release|Any CPU
	EndGlobalSection
	GlobalSection(SolutionProperties) = preSolution
		HideSolutionNode = FALSE
	EndGlobalSection
	GlobalSection(ExtensibilityGlobals) = postSolution
		SolutionGuid = {137726EA-B1A0-4EDD-993C-50DD20B6AC11}
	EndGlobalSection
EndGlobal
